
Microsoft Visual Studio Solution File, Format Version 12.00
# Visual Studio Version 17
VisualStudioVersion = 17.6.33815.320
MinimumVisualStudioVersion = 10.0.40219.1
Project("{FAE04EC0-301F-11D3-BF4B-00C04F79EFBC}") = "Section_8", "Section_8\Section_8.csproj", "{1AB4B8E4-6EC6-407E-9E0C-AF87D8A3C85E}"
EndProject
Global
	GlobalSection(SolutionConfigurationPlatforms) = preSolution
		Debug|Any CPU = Debug|Any CPU
		Release|Any CPU = Release|Any CPU
	EndGlobalSection
	GlobalSection(ProjectConfigurationPlatforms) = postSolution
		{1AB4B8E4-6EC6-407E-9E0C-AF87D8A3C85E}.Debug|Any CPU.ActiveCfg = Debug|Any CPU
		{1AB4B8E4-6EC6-407E-9E0C-AF87D8A3C85E}.Debug|Any CPU.Build.0 = Debug|Any CPU
		{1AB4B8E4-6EC6-407E-9E0C-AF87D8A3C85E}.Release|Any CPU.ActiveCfg = Release|Any CPU
		{1AB4B8E4-6EC6-407E-9E0C-AF87D8A3C85E}.Release|Any CPU.Build.0 = Release|Any CPU
	EndGlobalSection
	GlobalSection(SolutionProperties) = preSolution
		HideSolutionNode = FALSE
	EndGlobalSection
	GlobalSection(ExtensibilityGlobals) = postSolution
		SolutionGuid = {3B56ED82-5EEA-4DC3-8EC1-F831E13D28A6}
	EndGlobalSection
EndGlobal
